
Microsoft Visual Studio Solution File, Format Version 12.00
# Visual Studio 15
VisualStudioVersion = 15.0.27428.2043
MinimumVisualStudioVersion = 10.0.40219.1
Project("{2150E333-8FDC-42A3-9474-1A3956D46DE8}") = "src", "src", "{F2FCC2D5-4E3B-4E3E-A274-C0C306811A90}"
EndProject
Project("{2150E333-8FDC-42A3-9474-1A3956D46DE8}") = "Solution Items", "Solution Items", "{2F4F2CF1-923F-4D83-AE3A-6831A5E815E9}"
EndProject
Project("{2150E333-8FDC-42A3-9474-1A3956D46DE8}") = "Infrastructure", "Infrastructure", "{C568400E-23AD-4D85-99CE-A9BBE74AE4CE}"
EndProject
Project("{2150E333-8FDC-42A3-9474-1A3956D46DE8}") = "Api", "Api", "{40B80D99-4A02-491B-B4DD-B4367955DC10}"
EndProject
Project("{2150E333-8FDC-42A3-9474-1A3956D46DE8}") = "Application", "Application", "{3631ECD9-0666-46C2-AEB4-80EA25B29632}"
EndProject
Project("{2150E333-8FDC-42A3-9474-1A3956D46DE8}") = "Domain", "Domain", "{53E96995-76DB-4F98-8760-088F12B4EED0}"
EndProject
Project("{9A19103F-16F7-4668-BE54-9A1E7A4F7556}") = "UGaming.Domain", "src\UGaming.Domain\UGaming.Domain.csproj", "{DB82021D-8D05-4FBF-A74C-4D9777D29012}"
EndProject
Project("{9A19103F-16F7-4668-BE54-9A1E7A4F7556}") = "UGaming.Application", "src\UGaming.Application\UGaming.Application.csproj", "{982E4599-D60A-4EA5-9333-7757DF7711A5}"
EndProject
Project("{9A19103F-16F7-4668-BE54-9A1E7A4F7556}") = "UGaming.Context", "src\UGaming.Context\UGaming.Context.csproj", "{8813F94F-127B-449C-A6CC-DEB016D4901B}"
EndProject
Project("{9A19103F-16F7-4668-BE54-9A1E7A4F7556}") = "UGaming.Repository", "src\UGaming.Repository\UGaming.Repository.csproj", "{0889069F-6F74-4F3E-92E7-30F7AB7824E5}"
EndProject
Project("{9A19103F-16F7-4668-BE54-9A1E7A4F7556}") = "UGaming.API", "src\UGaming.API\UGaming.API.csproj", "{4C355D4E-1614-44F9-B873-BE6CA0958F01}"
EndProject
Project("{9A19103F-16F7-4668-BE54-9A1E7A4F7556}") = "UGaming.CrossCutting", "src\UGaming.CrossCutting\UGaming.CrossCutting.csproj", "{8F5C1027-FAF6-4C93-AFE3-1CEF6C58ED71}"
EndProject
Global
	GlobalSection(SolutionConfigurationPlatforms) = preSolution
		Debug|Any CPU = Debug|Any CPU
		Release|Any CPU = Release|Any CPU
	EndGlobalSection
	GlobalSection(ProjectConfigurationPlatforms) = postSolution
		{DB82021D-8D05-4FBF-A74C-4D9777D29012}.Debug|Any CPU.ActiveCfg = Debug|Any CPU
		{DB82021D-8D05-4FBF-A74C-4D9777D29012}.Debug|Any CPU.Build.0 = Debug|Any CPU
		{DB82021D-8D05-4FBF-A74C-4D9777D29012}.Release|Any CPU.ActiveCfg = Release|Any CPU
		{DB82021D-8D05-4FBF-A74C-4D9777D29012}.Release|Any CPU.Build.0 = Release|Any CPU
		{982E4599-D60A-4EA5-9333-7757DF7711A5}.Debug|Any CPU.ActiveCfg = Debug|Any CPU
		{982E4599-D60A-4EA5-9333-7757DF7711A5}.Debug|Any CPU.Build.0 = Debug|Any CPU
		{982E4599-D60A-4EA5-9333-7757DF7711A5}.Release|Any CPU.ActiveCfg = Release|Any CPU
		{982E4599-D60A-4EA5-9333-7757DF7711A5}.Release|Any CPU.Build.0 = Release|Any CPU
		{8813F94F-127B-449C-A6CC-DEB016D4901B}.Debug|Any CPU.ActiveCfg = Debug|Any CPU
		{8813F94F-127B-449C-A6CC-DEB016D4901B}.Debug|Any CPU.Build.0 = Debug|Any CPU
		{8813F94F-127B-449C-A6CC-DEB016D4901B}.Release|Any CPU.ActiveCfg = Release|Any CPU
		{8813F94F-127B-449C-A6CC-DEB016D4901B}.Release|Any CPU.Build.0 = Release|Any CPU
		{0889069F-6F74-4F3E-92E7-30F7AB7824E5}.Debug|Any CPU.ActiveCfg = Debug|Any CPU
		{0889069F-6F74-4F3E-92E7-30F7AB7824E5}.Debug|Any CPU.Build.0 = Debug|Any CPU
		{0889069F-6F74-4F3E-92E7-30F7AB7824E5}.Release|Any CPU.ActiveCfg = Release|Any CPU
		{0889069F-6F74-4F3E-92E7-30F7AB7824E5}.Release|Any CPU.Build.0 = Release|Any CPU
		{4C355D4E-1614-44F9-B873-BE6CA0958F01}.Debug|Any CPU.ActiveCfg = Debug|Any CPU
		{4C355D4E-1614-44F9-B873-BE6CA0958F01}.Debug|Any CPU.Build.0 = Debug|Any CPU
		{4C355D4E-1614-44F9-B873-BE6CA0958F01}.Release|Any CPU.ActiveCfg = Release|Any CPU
		{4C355D4E-1614-44F9-B873-BE6CA0958F01}.Release|Any CPU.Build.0 = Release|Any CPU
		{8F5C1027-FAF6-4C93-AFE3-1CEF6C58ED71}.Debug|Any CPU.ActiveCfg = Debug|Any CPU
		{8F5C1027-FAF6-4C93-AFE3-1CEF6C58ED71}.Debug|Any CPU.Build.0 = Debug|Any CPU
		{8F5C1027-FAF6-4C93-AFE3-1CEF6C58ED71}.Release|Any CPU.ActiveCfg = Release|Any CPU
		{8F5C1027-FAF6-4C93-AFE3-1CEF6C58ED71}.Release|Any CPU.Build.0 = Release|Any CPU
	EndGlobalSection
	GlobalSection(SolutionProperties) = preSolution
		HideSolutionNode = FALSE
	EndGlobalSection
	GlobalSection(NestedProjects) = preSolution
		{C568400E-23AD-4D85-99CE-A9BBE74AE4CE} = {F2FCC2D5-4E3B-4E3E-A274-C0C306811A90}
		{40B80D99-4A02-491B-B4DD-B4367955DC10} = {F2FCC2D5-4E3B-4E3E-A274-C0C306811A90}
		{3631ECD9-0666-46C2-AEB4-80EA25B29632} = {F2FCC2D5-4E3B-4E3E-A274-C0C306811A90}
		{53E96995-76DB-4F98-8760-088F12B4EED0} = {F2FCC2D5-4E3B-4E3E-A274-C0C306811A90}
		{DB82021D-8D05-4FBF-A74C-4D9777D29012} = {53E96995-76DB-4F98-8760-088F12B4EED0}
		{982E4599-D60A-4EA5-9333-7757DF7711A5} = {3631ECD9-0666-46C2-AEB4-80EA25B29632}
		{8813F94F-127B-449C-A6CC-DEB016D4901B} = {C568400E-23AD-4D85-99CE-A9BBE74AE4CE}
		{0889069F-6F74-4F3E-92E7-30F7AB7824E5} = {C568400E-23AD-4D85-99CE-A9BBE74AE4CE}
		{4C355D4E-1614-44F9-B873-BE6CA0958F01} = {40B80D99-4A02-491B-B4DD-B4367955DC10}
		{8F5C1027-FAF6-4C93-AFE3-1CEF6C58ED71} = {C568400E-23AD-4D85-99CE-A9BBE74AE4CE}
	EndGlobalSection
	GlobalSection(ExtensibilityGlobals) = postSolution
		SolutionGuid = {74A77BA1-44EC-44EE-BEF7-4B76A681ED99}
	EndGlobalSection
EndGlobal
